{
  "name": "fullstack-developer-tools",
  "version": "1.0.0",
  "lockfileVersion": 3,
  "requires": true,
  "packages": {
    "": {
      "name": "fullstack-developer-tools",
      "version": "1.0.0",
      "license": "ISC",
      "devDependencies": {
        "jquery.json-viewer": "^1.5.0",
        "typescript": "^5.1.3"
      }
    },
    "node_modules/jquery.json-viewer": {
      "version": "1.5.0",
      "resolved": "https://registry.npmjs.org/jquery.json-viewer/-/jquery.json-viewer-1.5.0.tgz",
      "integrity": "sha512-M/mRFXg14V/UUAlz7TBNBIDmQdWt05BunsqC/UjEx5BoFdQpNpfkfDdVn+VtjX951n/an/T9GWB3apBp02x8Mg==",
      "dev": true
    },
    "node_modules/typescript": {
      "version": "5.1.3",
      "resolved": "https://registry.npmjs.org/typescript/-/typescript-5.1.3.tgz",
      "integrity": "sha512-XH627E9vkeqhlZFQuL+UsyAXEnibT0kWR2FWONlr4sTjvxyJYnyefgrkyECLzM5NenmKzRAy2rR/OlYLA1HkZw==",
      "dev": true,
      "bin": {
        "tsc": "bin/tsc",
        "tsserver": "bin/tsserver"
      },
      "engines": {
        "node": ">=14.17"
      }
    }
  }
}
